
Microsoft Visual Studio Solution File, Format Version 12.00
# Visual Studio Version 17
VisualStudioVersion = 17.7.34024.191
MinimumVisualStudioVersion = 10.0.40219.1
Project("{FAE04EC0-301F-11D3-BF4B-00C04F79EFBC}") = "GUI_Test", "GUI_Test\GUI_Test.csproj", "{22289D1B-BA22-4DE1-83B0-38F47ACA5CF6}"
EndProject
Global
	GlobalSection(SolutionConfigurationPlatforms) = preSolution
		Debug|Any CPU = Debug|Any CPU
		Release|Any CPU = Release|Any CPU
	EndGlobalSection
	GlobalSection(ProjectConfigurationPlatforms) = postSolution
		{22289D1B-BA22-4DE1-83B0-38F47ACA5CF6}.Debug|Any CPU.ActiveCfg = Debug|Any CPU
		{22289D1B-BA22-4DE1-83B0-38F47ACA5CF6}.Debug|Any CPU.Build.0 = Debug|Any CPU
		{22289D1B-BA22-4DE1-83B0-38F47ACA5CF6}.Release|Any CPU.ActiveCfg = Release|Any CPU
		{22289D1B-BA22-4DE1-83B0-38F47ACA5CF6}.Release|Any CPU.Build.0 = Release|Any CPU
	EndGlobalSection
	GlobalSection(SolutionProperties) = preSolution
		HideSolutionNode = FALSE
	EndGlobalSection
	GlobalSection(ExtensibilityGlobals) = postSolution
		SolutionGuid = {60B3AFD7-95E1-4B57-98D3-D827BB71F379}
	EndGlobalSection
EndGlobal
